
Microsoft Visual Studio Solution File, Format Version 12.00
# Visual Studio 15
VisualStudioVersion = 15.0.28010.2026
MinimumVisualStudioVersion = 10.0.40219.1
Project("{8BC9CEB8-8B4A-11D0-8D11-00A0C91BC942}") = "crypt_speed", "crypt_speed.vcxproj", "{8806FBC7-64E3-4E79-881A-E0F79291E382}"
EndProject
Global
	GlobalSection(SolutionConfigurationPlatforms) = preSolution
		Debug|x64 = Debug|x64
		Debug|x86 = Debug|x86
		Release|x64 = Release|x64
		Release|x86 = Release|x86
	EndGlobalSection
	GlobalSection(ProjectConfigurationPlatforms) = postSolution
		{8806FBC7-64E3-4E79-881A-E0F79291E382}.Debug|x64.ActiveCfg = Debug|x64
		{8806FBC7-64E3-4E79-881A-E0F79291E382}.Debug|x64.Build.0 = Debug|x64
		{8806FBC7-64E3-4E79-881A-E0F79291E382}.Debug|x86.ActiveCfg = Debug|Win32
		{8806FBC7-64E3-4E79-881A-E0F79291E382}.Debug|x86.Build.0 = Debug|Win32
		{8806FBC7-64E3-4E79-881A-E0F79291E382}.Release|x64.ActiveCfg = Release|x64
		{8806FBC7-64E3-4E79-881A-E0F79291E382}.Release|x64.Build.0 = Release|x64
		{8806FBC7-64E3-4E79-881A-E0F79291E382}.Release|x86.ActiveCfg = Release|Win32
		{8806FBC7-64E3-4E79-881A-E0F79291E382}.Release|x86.Build.0 = Release|Win32
	EndGlobalSection
	GlobalSection(SolutionProperties) = preSolution
		HideSolutionNode = FALSE
	EndGlobalSection
	GlobalSection(ExtensibilityGlobals) = postSolution
		SolutionGuid = {059EC804-4241-4954-B5B2-8BC587D145DF}
	EndGlobalSection
EndGlobal
